// !$*UTF8*$!
{
	archiveVersion = 1;
	classes = {
	};
	objectVersion = 46;
	objects = {

/* Begin PBXBuildFile section */
		E28E00261EE32ACF0068A9A9 /* AppDelegate.swift in Sources */ = {isa = PBXBuildFile; fileRef = E28E00251EE32ACF0068A9A9 /* AppDelegate.swift */; };
		E28E00281EE32ACF0068A9A9 /* RecordSoundsViewController.swift in Sources */ = {isa = PBXBuildFile; fileRef = E28E00271EE32ACF0068A9A9 /* RecordSoundsViewController.swift */; };
		E28E002B1EE32ACF0068A9A9 /* Main.storyboard in Resources */ = {isa = PBXBuildFile; fileRef = E28E00291EE32ACF0068A9A9 /* Main.storyboard */; };
		E28E002D1EE32ACF0068A9A9 /* Assets.xcassets in Resources */ = {isa = PBXBuildFile; fileRef = E28E002C1EE32ACF0068A9A9 /* Assets.xcassets */; };
		E28E00301EE32ACF0068A9A9 /* LaunchScreen.storyboard in Resources */ = {isa = PBXBuildFile; fileRef = E28E002E1EE32ACF0068A9A9 /* LaunchScreen.storyboard */; };
		E28E00381EE45DE50068A9A9 /* PlaySoundsViewController.swift in Sources */ = {isa = PBXBuildFile; fileRef = E28E00371EE45DE50068A9A9 /* PlaySoundsViewController.swift */; };
		E28E003A1EE4699E0068A9A9 /* playsoundsviewcontroller-audio.swift in Sources */ = {isa = PBXBuildFile; fileRef = E28E00391EE4699E0068A9A9 /* playsoundsviewcontroller-audio.swift */; };
/* End PBXBuildFile section */

/* Begin PBXFileReference section */
		E28E00221EE32ACF0068A9A9 /* PitchPerfect.app */ = {isa = PBXFileReference; explicitFileType = wrapper.application; includeInIndex = 0; path = PitchPerfect.app; sourceTree = BUILT_PRODUCTS_DIR; };
		E28E00251EE32ACF0068A9A9 /* AppDelegate.swift */ = {isa = PBXFileReference; lastKnownFileType = sourcecode.swift; path = AppDelegate.swift; sourceTree = "<group>"; };
		E28E00271EE32ACF0068A9A9 /* RecordSoundsViewController.swift */ = {isa = PBXFileReference; lastKnownFileType = sourcecode.swift; path = RecordSoundsViewController.swift; sourceTree = "<group>"; };
		E28E002A1EE32ACF0068A9A9 /* Base */ = {isa = PBXFileReference; lastKnownFileType = file.storyboard; name = Base; path = Base.lproj/Main.storyboard; sourceTree = "<group>"; };
		E28E002C1EE32ACF0068A9A9 /* Assets.xcassets */ = {isa = PBXFileReference; lastKnownFileType = folder.assetcatalog; path = Assets.xcassets; sourceTree = "<group>"; };
		E28E002F1EE32ACF0068A9A9 /* Base */ = {isa = PBXFileReference; lastKnownFileType = file.storyboard; name = Base; path = Base.lproj/LaunchScreen.storyboard; sourceTree = "<group>"; };
		E28E00311EE32ACF0068A9A9 /* Info.plist */ = {isa = PBXFileReference; lastKnownFileType = text.plist.xml; path = Info.plist; sourceTree = "<group>"; };
		E28E00371EE45DE50068A9A9 /* PlaySoundsViewController.swift */ = {isa = PBXFileReference; fileEncoding = 4; lastKnownFileType = sourcecode.swift; path = PlaySoundsViewController.swift; sourceTree = "<group>"; };
		E28E00391EE4699E0068A9A9 /* playsoundsviewcontroller-audio.swift */ = {isa = PBXFileReference; fileEncoding = 4; lastKnownFileType = sourcecode.swift; path = "playsoundsviewcontroller-audio.swift"; sourceTree = "<group>"; };
/* End PBXFileReference section */

/* Begin PBXFrameworksBuildPhase section */
		E28E001F1EE32ACF0068A9A9 /* Frameworks */ = {
			isa = PBXFrameworksBuildPhase;
			buildActionMask = 2147483647;
			files = (
			);
			runOnlyForDeploymentPostprocessing = 0;
		};
/* End PBXFrameworksBuildPhase section */

/* Begin PBXGroup section */
		E28E00191EE32ACF0068A9A9 = {
			isa = PBXGroup;
			children = (
				E28E00241EE32ACF0068A9A9 /* PitchPerfect */,
				E28E00231EE32ACF0068A9A9 /* Products */,
			);
			sourceTree = "<group>";
		};
		E28E00231EE32ACF0068A9A9 /* Products */ = {
			isa = PBXGroup;
			children = (
				E28E00221EE32ACF0068A9A9 /* PitchPerfect.app */,
			);
			name = Products;
			sourceTree = "<group>";
		};
		E28E00241EE32ACF0068A9A9 /* PitchPerfect */ = {
			isa = PBXGroup;
			children = (
				E28E00251EE32ACF0068A9A9 /* AppDelegate.swift */,
				E28E00271EE32ACF0068A9A9 /* RecordSoundsViewController.swift */,
				E28E00371EE45DE50068A9A9 /* PlaySoundsViewController.swift */,
				E28E00391EE4699E0068A9A9 /* playsoundsviewcontroller-audio.swift */,
				E28E00291EE32ACF0068A9A9 /* Main.storyboard */,
				E28E002C1EE32ACF0068A9A9 /* Assets.xcassets */,
				E28E002E1EE32ACF0068A9A9 /* LaunchScreen.storyboard */,
				E28E00311EE32ACF0068A9A9 /* Info.plist */,
			);
			path = PitchPerfect;
			sourceTree = "<group>";
		};
/* End PBXGroup section */

/* Begin PBXNativeTarget section */
		E28E00211EE32ACF0068A9A9 /* PitchPerfect */ = {
			isa = PBXNativeTarget;
			buildConfigurationList = E28E00341EE32ACF0068A9A9 /* Build configuration list for PBXNativeTarget "PitchPerfect" */;
			buildPhases = (
				E28E001E1EE32ACF0068A9A9 /* Sources */,
				E28E001F1EE32ACF0068A9A9 /* Frameworks */,
				E28E00201EE32ACF0068A9A9 /* Resources */,
			);
			buildRules = (
			);
			dependencies = (
			);
			name = PitchPerfect;
			productName = PitchPerfect;
			productReference = E28E00221EE32ACF0068A9A9 /* PitchPerfect.app */;
			productType = "com.apple.product-type.application";
		};
/* End PBXNativeTarget section */

/* Begin PBXProject section */
		E28E001A1EE32ACF0068A9A9 /* Project object */ = {
			isa = PBXProject;
			attributes = {
				LastSwiftUpdateCheck = 0820;
				LastUpgradeCheck = 0820;
				ORGANIZATIONNAME = "Oscar Rodriguez Garrucho";
				TargetAttributes = {
					E28E00211EE32ACF0068A9A9 = {
						CreatedOnToolsVersion = 8.2.1;
						DevelopmentTeam = 934NVR3K3Z;
						ProvisioningStyle = Automatic;
					};
				};
			};
			buildConfigurationList = E28E001D1EE32ACF0068A9A9 /* Build configuration list for PBXProject "PitchPerfect" */;
			compatibilityVersion = "Xcode 3.2";
			developmentRegion = English;
			hasScannedForEncodings = 0;
			knownRegions = (
				en,
				Base,
			);
			mainGroup = E28E00191EE32ACF0068A9A9;
			productRefGroup = E28E00231EE32ACF0068A9A9 /* Products */;
			projectDirPath = "";
			projectRoot = "";
			targets = (
				E28E00211EE32ACF0068A9A9 /* PitchPerfect */,
			);
		};
/* End PBXProject section */

/* Begin PBXResourcesBuildPhase section */
		E28E00201EE32ACF0068A9A9 /* Resources */ = {
			isa = PBXResourcesBuildPhase;
			buildActionMask = 2147483647;
			files = (
				E28E00301EE32ACF0068A9A9 /* LaunchScreen.storyboard in Resources */,
				E28E002D1EE32ACF0068A9A9 /* Assets.xcassets in Resources */,
				E28E002B1EE32ACF0068A9A9 /* Main.storyboard in Resources */,
			);
			runOnlyForDeploymentPostprocessing = 0;
		};
/* End PBXResourcesBuildPhase section */

/* Begin PBXSourcesBuildPhase section */
		E28E001E1EE32ACF0068A9A9 /* Sources */ = {
			isa = PBXSourcesBuildPhase;
			buildActionMask = 2147483647;
			files = (
				E28E00281EE32ACF0068A9A9 /* RecordSoundsViewController.swift in Sources */,
				E28E00381EE45DE50068A9A9 /* PlaySoundsViewController.swift in Sources */,
				E28E00261EE32ACF0068A9A9 /* AppDelegate.swift in Sources */,
				E28E003A1EE4699E0068A9A9 /* playsoundsviewcontroller-audio.swift in Sources */,
			);
			runOnlyForDeploymentPostprocessing = 0;
		};
/* End PBXSourcesBuildPhase section */

/* Begin PBXVariantGroup section */
		E28E00291EE32ACF0068A9A9 /* Main.storyboard */ = {
			isa = PBXVariantGroup;
			children = (
				E28E002A1EE32ACF0068A9A9 /* Base */,
			);
			name = Main.storyboard;
			sourceTree = "<group>";
		};
		E28E002E1EE32ACF0068A9A9 /* LaunchScreen.storyboard */ = {
			isa = PBXVariantGroup;
			children = (
				E28E002F1EE32ACF0068A9A9 /* Base */,
			);
			name = LaunchScreen.storyboard;
			sourceTree = "<group>";
		};
/* End PBXVariantGroup section */

/* Begin XCBuildConfiguration section */
		E28E00321EE32ACF0068A9A9 /* Debug */ = {
			isa = XCBuildConfiguration;
			buildSettings = {
				ALWAYS_SEARCH_USER_PATHS = NO;
				CLANG_ANALYZER_NONNULL = YES;
				CLANG_CXX_LANGUAGE_STANDARD = "gnu++0x";
				CLANG_CXX_LIBRARY = "libc++";
				CLANG_ENABLE_MODULES = YES;
				CLANG_ENABLE_OBJC_ARC = YES;
				CLANG_WARN_BOOL_CONVERSION = YES;
				CLANG_WARN_CONSTANT_CONVERSION = YES;
				CLANG_WARN_DIRECT_OBJC_ISA_USAGE = YES_ERROR;
				CLANG_WARN_DOCUMENTATION_COMMENTS = YES;
				CLANG_WARN_EMPTY_BODY = YES;
				CLANG_WARN_ENUM_CONVERSION = YES;
				CLANG_WARN_INFINITE_RECURSION = YES;
				CLANG_WARN_INT_CONVERSION = YES;
				CLANG_WARN_OBJC_ROOT_CLASS = YES_ERROR;
				CLANG_WARN_SUSPICIOUS_MOVE = YES;
				CLANG_WARN_UNREACHABLE_CODE = YES;
				CLANG_WARN__DUPLICATE_METHOD_MATCH = YES;
				"CODE_SIGN_IDENTITY[sdk=iphoneos*]" = "iPhone Developer";
				COPY_PHASE_STRIP = NO;
				DEBUG_INFORMATION_FORMAT = dwarf;
				ENABLE_STRICT_OBJC_MSGSEND = YES;
				ENABLE_TESTABILITY = YES;
				GCC_C_LANGUAGE_STANDARD = gnu99;
				GCC_DYNAMIC_NO_PIC = NO;
				GCC_NO_COMMON_BLOCKS = YES;
				GCC_OPTIMIZATION_LEVEL = 0;
				GCC_PREPROCESSOR_DEFINITIONS = (
					"DEBUG=1",
					"$(inherited)",
				);
				GCC_WARN_64_TO_32_BIT_CONVERSION = YES;
				GCC_WARN_ABOUT_RETURN_TYPE = YES_ERROR;
				GCC_WARN_UNDECLARED_SELECTOR = YES;
				GCC_WARN_UNINITIALIZED_AUTOS = YES_AGGRESSIVE;
				GCC_WARN_UNUSED_FUNCTION = YES;
				GCC_WARN_UNUSED_VARIABLE = YES;
				IPHONEOS_DEPLOYMENT_TARGET = 10.2;
				MTL_ENABLE_DEBUG_INFO = YES;
				ONLY_ACTIVE_ARCH = YES;
				SDKROOT = iphoneos;
				SWIFT_ACTIVE_COMPILATION_CONDITIONS = DEBUG;
				SWIFT_OPTIMIZATION_LEVEL = "-Onone";
				TARGETED_DEVICE_FAMILY = "1,2";
			};
			name = Debug;
		};
		E28E00331EE32ACF0068A9A9 /* Release */ = {
			isa = XCBuildConfiguration;
			buildSettings = {
				ALWAYS_SEARCH_USER_PATHS = NO;
				CLANG_ANALYZER_NONNULL = YES;
				CLANG_CXX_LANGUAGE_STANDARD = "gnu++0x";
				CLANG_CXX_LIBRARY = "libc++";
				CLANG_ENABLE_MODULES = YES;
				CLANG_ENABLE_OBJC_ARC = YES;
				CLANG_WARN_BOOL_CONVERSION = YES;
				CLANG_WARN_CONSTANT_CONVERSION = YES;
				CLANG_WARN_DIRECT_OBJC_ISA_USAGE = YES_ERROR;
				CLANG_WARN_DOCUMENTATION_COMMENTS = YES;
				CLANG_WARN_EMPTY_BODY = YES;
				CLANG_WARN_ENUM_CONVERSION = YES;
				CLANG_WARN_INFINITE_RECURSION = YES;
				CLANG_WARN_INT_CONVERSION = YES;
				CLANG_WARN_OBJC_ROOT_CLASS = YES_ERROR;
				CLANG_WARN_SUSPICIOUS_MOVE = YES;
				CLANG_WARN_UNREACHABLE_CODE = YES;
				CLANG_WARN__DUPLICATE_METHOD_MATCH = YES;
				"CODE_SIGN_IDENTITY[sdk=iphoneos*]" = "iPhone Developer";
				COPY_PHASE_STRIP = NO;
				DEBUG_INFORMATION_FORMAT = "dwarf-with-dsym";
				ENABLE_NS_ASSERTIONS = NO;
				ENABLE_STRICT_OBJC_MSGSEND = YES;
				GCC_C_LANGUAGE_STANDARD = gnu99;
				GCC_NO_COMMON_BLOCKS = YES;
				GCC_WARN_64_TO_32_BIT_CONVERSION = YES;
				GCC_WARN_ABOUT_RETURN_TYPE = YES_ERROR;
				GCC_WARN_UNDECLARED_SELECTOR = YES;
				GCC_WARN_UNINITIALIZED_AUTOS = YES_AGGRESSIVE;
				GCC_WARN_UNUSED_FUNCTION = YES;
				GCC_WARN_UNUSED_VARIABLE = YES;
				IPHONEOS_DEPLOYMENT_TARGET = 10.2;
				MTL_ENABLE_DEBUG_INFO = NO;
				SDKROOT = iphoneos;
				SWIFT_OPTIMIZATION_LEVEL = "-Owholemodule";
				TARGETED_DEVICE_FAMILY = "1,2";
				VALIDATE_PRODUCT = YES;
			};
			name = Release;
		};
		E28E00351EE32ACF0068A9A9 /* Debug */ = {
			isa = XCBuildConfiguration;
			buildSettings = {
				ASSETCATALOG_COMPILER_APPICON_NAME = AppIcon;
				DEVELOPMENT_TEAM = 934NVR3K3Z;
				INFOPLIST_FILE = PitchPerfect/Info.plist;
				IPHONEOS_DEPLOYMENT_TARGET = 10.0;
				LD_RUNPATH_SEARCH_PATHS = "$(inherited) @executable_path/Frameworks";
				PRODUCT_BUNDLE_IDENTIFIER = com.oscargarrucho.PitchPerfect;
				PRODUCT_NAME = "$(TARGET_NAME)";
				SWIFT_VERSION = 3.0;
			};
			name = Debug;
		};
		E28E00361EE32ACF0068A9A9 /* Release */ = {
			isa = XCBuildConfiguration;
			buildSettings = {
				ASSETCATALOG_COMPILER_APPICON_NAME = AppIcon;
				DEVELOPMENT_TEAM = 934NVR3K3Z;
				INFOPLIST_FILE = PitchPerfect/Info.plist;
				IPHONEOS_DEPLOYMENT_TARGET = 10.0;
				LD_RUNPATH_SEARCH_PATHS = "$(inherited) @executable_path/Frameworks";
				PRODUCT_BUNDLE_IDENTIFIER = com.oscargarrucho.PitchPerfect;
				PRODUCT_NAME = "$(TARGET_NAME)";
				SWIFT_VERSION = 3.0;
			};
			name = Release;
		};
/* End XCBuildConfiguration section */

/* Begin XCConfigurationList section */
		E28E001D1EE32ACF0068A9A9 /* Build configuration list for PBXProject "PitchPerfect" */ = {
			isa = XCConfigurationList;
			buildConfigurations = (
				E28E00321EE32ACF0068A9A9 /* Debug */,
				E28E00331EE32ACF0068A9A9 /* Release */,
			);
			defaultConfigurationIsVisible = 0;
			defaultConfigurationName = Release;
		};
		E28E00341EE32ACF0068A9A9 /* Build configuration list for PBXNativeTarget "PitchPerfect" */ = {
			isa = XCConfigurationList;
			buildConfigurations = (
				E28E00351EE32ACF0068A9A9 /* Debug */,
				E28E00361EE32ACF0068A9A9 /* Release */,
			);
			defaultConfigurationIsVisible = 0;
		};
/* End XCConfigurationList section */
	};
	rootObject = E28E001A1EE32ACF0068A9A9 /* Project object */;
}
